{
  "pins" : [
    {
      "identity" : "chartview",
      "kind" : "remoteSourceControl",
      "location" : "https://github.com/AppPear/ChartView",
      "state" : {
        "revision" : "9115a992c91fa19cbb4f2241084240d38654a1fc",
        "version" : "1.5.5"
      }
    },
    {
      "identity" : "surge",
      "kind" : "remoteSourceControl",
      "location" : "https://github.com/Jounce/Surge",
      "state" : {
        "revision" : "6e4a47e63da8801afe6188cf039e9f04eb577721",
        "version" : "2.3.2"
      }
    }
  ],
  "version" : 2
}
